
Microsoft Visual Studio Solution File, Format Version 12.00
# Visual Studio 14
VisualStudioVersion = 14.0.25123.0
MinimumVisualStudioVersion = 10.0.40219.1
Project("{f2a71f9b-5d33-465a-a702-920d77279786}") = "Foom.Wad", "src\Foom.Wad\Foom.Wad.fsproj", "{13CAB67A-5A00-401D-8CE2-032FFEA5FECE}"
EndProject
Project("{f2a71f9b-5d33-465a-a702-920d77279786}") = "Foom.Pickler", "src\Foom.Pickler\Foom.Pickler.fsproj", "{4FC2B7B5-28CA-4322-84AB-49DDAD9613FC}"
EndProject
Project("{2150E333-8FDC-42A3-9474-1A3956D46DE8}") = "Tools", "Tools", "{8BA8651C-29B9-4A46-9B51-281BE2564D6B}"
EndProject
Project("{f2a71f9b-5d33-465a-a702-920d77279786}") = "Foom.ImageExporter", "src\Foom.ImageExporter\Foom.ImageExporter.fsproj", "{183B6218-802C-4F45-B69E-90779E148D2F}"
EndProject
Project("{f2a71f9b-5d33-465a-a702-920d77279786}") = "Foom.Renderer", "src\Foom.Renderer\Foom.Renderer.fsproj", "{3811DFB5-545F-4FAD-B3DA-4C245AE85DAC}"
EndProject
Project("{f2a71f9b-5d33-465a-a702-920d77279786}") = "Foom.Client", "src\Foom.Client\Foom.Client.fsproj", "{39A632DA-FF0F-40C4-BC44-4584DB490EA9}"
EndProject
Project("{f2a71f9b-5d33-465a-a702-920d77279786}") = "Foom", "src\Foom\Foom.fsproj", "{7A63DDE1-B3FA-45C1-A795-27D0448E19FD}"
EndProject
Global
	GlobalSection(SolutionConfigurationPlatforms) = preSolution
		Debug|Any CPU = Debug|Any CPU
		Release|Any CPU = Release|Any CPU
	EndGlobalSection
	GlobalSection(ProjectConfigurationPlatforms) = postSolution
		{13CAB67A-5A00-401D-8CE2-032FFEA5FECE}.Debug|Any CPU.ActiveCfg = Debug|Any CPU
		{13CAB67A-5A00-401D-8CE2-032FFEA5FECE}.Debug|Any CPU.Build.0 = Debug|Any CPU
		{13CAB67A-5A00-401D-8CE2-032FFEA5FECE}.Release|Any CPU.ActiveCfg = Release|Any CPU
		{13CAB67A-5A00-401D-8CE2-032FFEA5FECE}.Release|Any CPU.Build.0 = Release|Any CPU
		{4FC2B7B5-28CA-4322-84AB-49DDAD9613FC}.Debug|Any CPU.ActiveCfg = Debug|Any CPU
		{4FC2B7B5-28CA-4322-84AB-49DDAD9613FC}.Debug|Any CPU.Build.0 = Debug|Any CPU
		{4FC2B7B5-28CA-4322-84AB-49DDAD9613FC}.Release|Any CPU.ActiveCfg = Release|Any CPU
		{4FC2B7B5-28CA-4322-84AB-49DDAD9613FC}.Release|Any CPU.Build.0 = Release|Any CPU
		{183B6218-802C-4F45-B69E-90779E148D2F}.Debug|Any CPU.ActiveCfg = Debug|Any CPU
		{183B6218-802C-4F45-B69E-90779E148D2F}.Debug|Any CPU.Build.0 = Debug|Any CPU
		{183B6218-802C-4F45-B69E-90779E148D2F}.Release|Any CPU.ActiveCfg = Release|Any CPU
		{183B6218-802C-4F45-B69E-90779E148D2F}.Release|Any CPU.Build.0 = Release|Any CPU
		{3811DFB5-545F-4FAD-B3DA-4C245AE85DAC}.Debug|Any CPU.ActiveCfg = Debug|Any CPU
		{3811DFB5-545F-4FAD-B3DA-4C245AE85DAC}.Debug|Any CPU.Build.0 = Debug|Any CPU
		{3811DFB5-545F-4FAD-B3DA-4C245AE85DAC}.Release|Any CPU.ActiveCfg = Release|Any CPU
		{3811DFB5-545F-4FAD-B3DA-4C245AE85DAC}.Release|Any CPU.Build.0 = Release|Any CPU
		{39A632DA-FF0F-40C4-BC44-4584DB490EA9}.Debug|Any CPU.ActiveCfg = Debug|Any CPU
		{39A632DA-FF0F-40C4-BC44-4584DB490EA9}.Debug|Any CPU.Build.0 = Debug|Any CPU
		{39A632DA-FF0F-40C4-BC44-4584DB490EA9}.Release|Any CPU.ActiveCfg = Release|Any CPU
		{39A632DA-FF0F-40C4-BC44-4584DB490EA9}.Release|Any CPU.Build.0 = Release|Any CPU
		{7A63DDE1-B3FA-45C1-A795-27D0448E19FD}.Debug|Any CPU.ActiveCfg = Debug|Any CPU
		{7A63DDE1-B3FA-45C1-A795-27D0448E19FD}.Debug|Any CPU.Build.0 = Debug|Any CPU
		{7A63DDE1-B3FA-45C1-A795-27D0448E19FD}.Release|Any CPU.ActiveCfg = Release|Any CPU
		{7A63DDE1-B3FA-45C1-A795-27D0448E19FD}.Release|Any CPU.Build.0 = Release|Any CPU
	EndGlobalSection
	GlobalSection(SolutionProperties) = preSolution
		HideSolutionNode = FALSE
	EndGlobalSection
	GlobalSection(NestedProjects) = preSolution
		{13CAB67A-5A00-401D-8CE2-032FFEA5FECE} = {8BA8651C-29B9-4A46-9B51-281BE2564D6B}
		{4FC2B7B5-28CA-4322-84AB-49DDAD9613FC} = {8BA8651C-29B9-4A46-9B51-281BE2564D6B}
		{183B6218-802C-4F45-B69E-90779E148D2F} = {8BA8651C-29B9-4A46-9B51-281BE2564D6B}
	EndGlobalSection
EndGlobal
