
Microsoft Visual Studio Solution File, Format Version 12.00
# Visual Studio 14
VisualStudioVersion = 14.0.25123.0
MinimumVisualStudioVersion = 10.0.40219.1
Project("{f2a71f9b-5d33-465a-a702-920d77279786}") = "Foom.Wad", "src\Foom.Wad\Foom.Wad.fsproj", "{13CAB67A-5A00-401D-8CE2-032FFEA5FECE}"
EndProject
Project("{f2a71f9b-5d33-465a-a702-920d77279786}") = "Foom.Pickler", "src\Foom.Pickler\Foom.Pickler.fsproj", "{4FC2B7B5-28CA-4322-84AB-49DDAD9613FC}"
EndProject
Project("{f2a71f9b-5d33-465a-a702-920d77279786}") = "Foom.Renderer.Desktop", "src\Foom.Renderer.Desktop\Foom.Renderer.Desktop.fsproj", "{3811DFB5-545F-4FAD-B3DA-4C245AE85DAC}"
EndProject
Project("{f2a71f9b-5d33-465a-a702-920d77279786}") = "Foom.Client", "src\Foom.Client\Foom.Client.fsproj", "{39A632DA-FF0F-40C4-BC44-4584DB490EA9}"
EndProject
Project("{f2a71f9b-5d33-465a-a702-920d77279786}") = "Foom", "src\Foom\Foom.fsproj", "{7A63DDE1-B3FA-45C1-A795-27D0448E19FD}"
EndProject
Project("{f2a71f9b-5d33-465a-a702-920d77279786}") = "Foom.Ecs", "src\Foom.Ecs\Foom.Ecs.fsproj", "{0D3AAAE3-4AD2-452E-97CE-5DF1F1DA0A50}"
EndProject
Project("{2150E333-8FDC-42A3-9474-1A3956D46DE8}") = "Tests", "Tests", "{0ADD6B56-B5B6-4938-B2E8-3B9F8ED6D978}"
EndProject
Project("{f2a71f9b-5d33-465a-a702-920d77279786}") = "Foom.Client.Desktop.Input", "src\Foom.Client.Desktop.Input\Foom.Client.Desktop.Input.fsproj", "{9B962272-2018-4C8C-9E62-528CDC8DB87E}"
EndProject
Project("{2150E333-8FDC-42A3-9474-1A3956D46DE8}") = "PCL", "PCL", "{F9C6B635-4726-4C88-90B5-D6CDF3185FBE}"
EndProject
Project("{2150E333-8FDC-42A3-9474-1A3956D46DE8}") = "Libs", "Libs", "{CDAC4EAC-FDCE-4D71-B473-4EEDF7A20D0C}"
EndProject
Project("{f2a71f9b-5d33-465a-a702-920d77279786}") = "Foom.Math", "src\Foom.Math\Foom.Math.fsproj", "{B94F520E-B150-45A7-ADA1-E2945BE9A743}"
EndProject
Project("{f2a71f9b-5d33-465a-a702-920d77279786}") = "Foom.Geometry", "src\Foom.Geometry\Foom.Geometry.fsproj", "{34AA5257-2F5B-4097-8250-1FD4956D1130}"
EndProject
Project("{f2a71f9b-5d33-465a-a702-920d77279786}") = "Foom.Physics", "src\Foom.Physics\Foom.Physics.fsproj", "{6DE9A674-F72C-4BDA-9120-E8EB97E7D5ED}"
EndProject
Project("{f2a71f9b-5d33-465a-a702-920d77279786}") = "Foom.Collections", "src\Foom.Collections\Foom.Collections.fsproj", "{C18C5AB4-4C69-4EA0-AE74-FEFBBD945C05}"
EndProject
Project("{f2a71f9b-5d33-465a-a702-920d77279786}") = "Foom.Renderer", "src\Foom.Renderer\Foom.Renderer.fsproj", "{ED30B5EB-571D-4815-BE37-DDF7ED6198CC}"
EndProject
Project("{2150E333-8FDC-42A3-9474-1A3956D46DE8}") = "Game", "Game", "{66C3905B-FBAD-412B-B49A-FB42DCB08FA9}"
EndProject
Project("{f2a71f9b-5d33-465a-a702-920d77279786}") = "Foom.Game.Renderer", "src\Foom.Game.Renderer\Foom.Game.Renderer.fsproj", "{181E47F5-8BF0-4AEC-B452-0A88D5BFD28F}"
EndProject
Project("{f2a71f9b-5d33-465a-a702-920d77279786}") = "Foom.Game.Assets", "src\Foom.Game.Assets\Foom.Game.Assets.fsproj", "{C41FC4BC-8B5A-4497-9765-FDEAD54749ED}"
EndProject
Project("{f2a71f9b-5d33-465a-a702-920d77279786}") = "Foom.Game.Sprite", "src\Foom.Game.Sprite\Foom.Game.Sprite.fsproj", "{03FA0D75-22BB-40BC-A3EB-ABA52DD304B9}"
EndProject
Project("{f2a71f9b-5d33-465a-a702-920d77279786}") = "Foom.Game.Core", "src\Foom.Game.Core\Foom.Game.Core.fsproj", "{7B655BE8-40D7-482B-8B43-05C5DBAA027B}"
EndProject
Project("{f2a71f9b-5d33-465a-a702-920d77279786}") = "Foom.Game.Level", "src\Foom.Game.Level\Foom.Game.Level.fsproj", "{36E00779-B8EB-432A-B784-CDEB05E90D0B}"
EndProject
Project("{f2a71f9b-5d33-465a-a702-920d77279786}") = "Foom.Game.Wad", "src\Foom.Game.Wad\Foom.Game.Wad.fsproj", "{FD3F2622-9550-4BD7-8D63-5916151DF018}"
EndProject
Project("{f2a71f9b-5d33-465a-a702-920d77279786}") = "Foom.Network", "src\Foom.Network\Foom.Network.fsproj", "{A446D691-8F20-40BD-98AC-B5FB2EFD5D04}"
EndProject
Project("{2150E333-8FDC-42A3-9474-1A3956D46DE8}") = "Platform", "Platform", "{3EB07B84-DC73-417F-82E6-0C9B7C07520B}"
EndProject
Project("{2150E333-8FDC-42A3-9474-1A3956D46DE8}") = "Desktop", "Desktop", "{CB7A9B1F-982A-4DCE-8C6D-4E9781ADEE51}"
EndProject
Project("{f2a71f9b-5d33-465a-a702-920d77279786}") = "Foom.Network.Desktop", "src\Foom.Network.Desktop\Foom.Network.Desktop.fsproj", "{D916B23C-0D8F-4044-8C93-AF4DBAA7D3BE}"
EndProject
Global
	GlobalSection(SolutionConfigurationPlatforms) = preSolution
		Debug|Any CPU = Debug|Any CPU
		Debug|iPhone = Debug|iPhone
		Debug|iPhoneSimulator = Debug|iPhoneSimulator
		Release|Any CPU = Release|Any CPU
		Release|iPhone = Release|iPhone
		Release|iPhoneSimulator = Release|iPhoneSimulator
	EndGlobalSection
	GlobalSection(ProjectConfigurationPlatforms) = postSolution
		{13CAB67A-5A00-401D-8CE2-032FFEA5FECE}.Debug|Any CPU.ActiveCfg = Debug|Any CPU
		{13CAB67A-5A00-401D-8CE2-032FFEA5FECE}.Debug|Any CPU.Build.0 = Debug|Any CPU
		{13CAB67A-5A00-401D-8CE2-032FFEA5FECE}.Debug|iPhone.ActiveCfg = Debug|Any CPU
		{13CAB67A-5A00-401D-8CE2-032FFEA5FECE}.Debug|iPhone.Build.0 = Debug|Any CPU
		{13CAB67A-5A00-401D-8CE2-032FFEA5FECE}.Debug|iPhoneSimulator.ActiveCfg = Debug|Any CPU
		{13CAB67A-5A00-401D-8CE2-032FFEA5FECE}.Debug|iPhoneSimulator.Build.0 = Debug|Any CPU
		{13CAB67A-5A00-401D-8CE2-032FFEA5FECE}.Release|Any CPU.ActiveCfg = Release|Any CPU
		{13CAB67A-5A00-401D-8CE2-032FFEA5FECE}.Release|Any CPU.Build.0 = Release|Any CPU
		{13CAB67A-5A00-401D-8CE2-032FFEA5FECE}.Release|iPhone.ActiveCfg = Release|Any CPU
		{13CAB67A-5A00-401D-8CE2-032FFEA5FECE}.Release|iPhone.Build.0 = Release|Any CPU
		{13CAB67A-5A00-401D-8CE2-032FFEA5FECE}.Release|iPhoneSimulator.ActiveCfg = Release|Any CPU
		{13CAB67A-5A00-401D-8CE2-032FFEA5FECE}.Release|iPhoneSimulator.Build.0 = Release|Any CPU
		{4FC2B7B5-28CA-4322-84AB-49DDAD9613FC}.Debug|Any CPU.ActiveCfg = Debug|Any CPU
		{4FC2B7B5-28CA-4322-84AB-49DDAD9613FC}.Debug|Any CPU.Build.0 = Debug|Any CPU
		{4FC2B7B5-28CA-4322-84AB-49DDAD9613FC}.Debug|iPhone.ActiveCfg = Debug|Any CPU
		{4FC2B7B5-28CA-4322-84AB-49DDAD9613FC}.Debug|iPhone.Build.0 = Debug|Any CPU
		{4FC2B7B5-28CA-4322-84AB-49DDAD9613FC}.Debug|iPhoneSimulator.ActiveCfg = Debug|Any CPU
		{4FC2B7B5-28CA-4322-84AB-49DDAD9613FC}.Debug|iPhoneSimulator.Build.0 = Debug|Any CPU
		{4FC2B7B5-28CA-4322-84AB-49DDAD9613FC}.Release|Any CPU.ActiveCfg = Release|Any CPU
		{4FC2B7B5-28CA-4322-84AB-49DDAD9613FC}.Release|Any CPU.Build.0 = Release|Any CPU
		{4FC2B7B5-28CA-4322-84AB-49DDAD9613FC}.Release|iPhone.ActiveCfg = Release|Any CPU
		{4FC2B7B5-28CA-4322-84AB-49DDAD9613FC}.Release|iPhone.Build.0 = Release|Any CPU
		{4FC2B7B5-28CA-4322-84AB-49DDAD9613FC}.Release|iPhoneSimulator.ActiveCfg = Release|Any CPU
		{4FC2B7B5-28CA-4322-84AB-49DDAD9613FC}.Release|iPhoneSimulator.Build.0 = Release|Any CPU
		{3811DFB5-545F-4FAD-B3DA-4C245AE85DAC}.Debug|Any CPU.ActiveCfg = Debug|Any CPU
		{3811DFB5-545F-4FAD-B3DA-4C245AE85DAC}.Debug|Any CPU.Build.0 = Debug|Any CPU
		{3811DFB5-545F-4FAD-B3DA-4C245AE85DAC}.Debug|iPhone.ActiveCfg = Debug|Any CPU
		{3811DFB5-545F-4FAD-B3DA-4C245AE85DAC}.Debug|iPhone.Build.0 = Debug|Any CPU
		{3811DFB5-545F-4FAD-B3DA-4C245AE85DAC}.Debug|iPhoneSimulator.ActiveCfg = Debug|Any CPU
		{3811DFB5-545F-4FAD-B3DA-4C245AE85DAC}.Debug|iPhoneSimulator.Build.0 = Debug|Any CPU
		{3811DFB5-545F-4FAD-B3DA-4C245AE85DAC}.Release|Any CPU.ActiveCfg = Release|Any CPU
		{3811DFB5-545F-4FAD-B3DA-4C245AE85DAC}.Release|Any CPU.Build.0 = Release|Any CPU
		{3811DFB5-545F-4FAD-B3DA-4C245AE85DAC}.Release|iPhone.ActiveCfg = Release|Any CPU
		{3811DFB5-545F-4FAD-B3DA-4C245AE85DAC}.Release|iPhone.Build.0 = Release|Any CPU
		{3811DFB5-545F-4FAD-B3DA-4C245AE85DAC}.Release|iPhoneSimulator.ActiveCfg = Release|Any CPU
		{3811DFB5-545F-4FAD-B3DA-4C245AE85DAC}.Release|iPhoneSimulator.Build.0 = Release|Any CPU
		{39A632DA-FF0F-40C4-BC44-4584DB490EA9}.Debug|Any CPU.ActiveCfg = Debug|Any CPU
		{39A632DA-FF0F-40C4-BC44-4584DB490EA9}.Debug|Any CPU.Build.0 = Debug|Any CPU
		{39A632DA-FF0F-40C4-BC44-4584DB490EA9}.Debug|iPhone.ActiveCfg = Debug|Any CPU
		{39A632DA-FF0F-40C4-BC44-4584DB490EA9}.Debug|iPhone.Build.0 = Debug|Any CPU
		{39A632DA-FF0F-40C4-BC44-4584DB490EA9}.Debug|iPhoneSimulator.ActiveCfg = Debug|Any CPU
		{39A632DA-FF0F-40C4-BC44-4584DB490EA9}.Debug|iPhoneSimulator.Build.0 = Debug|Any CPU
		{39A632DA-FF0F-40C4-BC44-4584DB490EA9}.Release|Any CPU.ActiveCfg = Release|Any CPU
		{39A632DA-FF0F-40C4-BC44-4584DB490EA9}.Release|Any CPU.Build.0 = Release|Any CPU
		{39A632DA-FF0F-40C4-BC44-4584DB490EA9}.Release|iPhone.ActiveCfg = Release|Any CPU
		{39A632DA-FF0F-40C4-BC44-4584DB490EA9}.Release|iPhone.Build.0 = Release|Any CPU
		{39A632DA-FF0F-40C4-BC44-4584DB490EA9}.Release|iPhoneSimulator.ActiveCfg = Release|Any CPU
		{39A632DA-FF0F-40C4-BC44-4584DB490EA9}.Release|iPhoneSimulator.Build.0 = Release|Any CPU
		{7A63DDE1-B3FA-45C1-A795-27D0448E19FD}.Debug|Any CPU.ActiveCfg = Debug|Any CPU
		{7A63DDE1-B3FA-45C1-A795-27D0448E19FD}.Debug|Any CPU.Build.0 = Debug|Any CPU
		{7A63DDE1-B3FA-45C1-A795-27D0448E19FD}.Debug|iPhone.ActiveCfg = Debug|Any CPU
		{7A63DDE1-B3FA-45C1-A795-27D0448E19FD}.Debug|iPhone.Build.0 = Debug|Any CPU
		{7A63DDE1-B3FA-45C1-A795-27D0448E19FD}.Debug|iPhoneSimulator.ActiveCfg = Debug|Any CPU
		{7A63DDE1-B3FA-45C1-A795-27D0448E19FD}.Debug|iPhoneSimulator.Build.0 = Debug|Any CPU
		{7A63DDE1-B3FA-45C1-A795-27D0448E19FD}.Release|Any CPU.ActiveCfg = Release|Any CPU
		{7A63DDE1-B3FA-45C1-A795-27D0448E19FD}.Release|Any CPU.Build.0 = Release|Any CPU
		{7A63DDE1-B3FA-45C1-A795-27D0448E19FD}.Release|iPhone.ActiveCfg = Release|Any CPU
		{7A63DDE1-B3FA-45C1-A795-27D0448E19FD}.Release|iPhone.Build.0 = Release|Any CPU
		{7A63DDE1-B3FA-45C1-A795-27D0448E19FD}.Release|iPhoneSimulator.ActiveCfg = Release|Any CPU
		{7A63DDE1-B3FA-45C1-A795-27D0448E19FD}.Release|iPhoneSimulator.Build.0 = Release|Any CPU
		{0D3AAAE3-4AD2-452E-97CE-5DF1F1DA0A50}.Debug|Any CPU.ActiveCfg = Debug|Any CPU
		{0D3AAAE3-4AD2-452E-97CE-5DF1F1DA0A50}.Debug|Any CPU.Build.0 = Debug|Any CPU
		{0D3AAAE3-4AD2-452E-97CE-5DF1F1DA0A50}.Debug|iPhone.ActiveCfg = Debug|Any CPU
		{0D3AAAE3-4AD2-452E-97CE-5DF1F1DA0A50}.Debug|iPhone.Build.0 = Debug|Any CPU
		{0D3AAAE3-4AD2-452E-97CE-5DF1F1DA0A50}.Debug|iPhoneSimulator.ActiveCfg = Debug|Any CPU
		{0D3AAAE3-4AD2-452E-97CE-5DF1F1DA0A50}.Debug|iPhoneSimulator.Build.0 = Debug|Any CPU
		{0D3AAAE3-4AD2-452E-97CE-5DF1F1DA0A50}.Release|Any CPU.ActiveCfg = Release|Any CPU
		{0D3AAAE3-4AD2-452E-97CE-5DF1F1DA0A50}.Release|Any CPU.Build.0 = Release|Any CPU
		{0D3AAAE3-4AD2-452E-97CE-5DF1F1DA0A50}.Release|iPhone.ActiveCfg = Release|Any CPU
		{0D3AAAE3-4AD2-452E-97CE-5DF1F1DA0A50}.Release|iPhone.Build.0 = Release|Any CPU
		{0D3AAAE3-4AD2-452E-97CE-5DF1F1DA0A50}.Release|iPhoneSimulator.ActiveCfg = Release|Any CPU
		{0D3AAAE3-4AD2-452E-97CE-5DF1F1DA0A50}.Release|iPhoneSimulator.Build.0 = Release|Any CPU
		{9B962272-2018-4C8C-9E62-528CDC8DB87E}.Debug|Any CPU.ActiveCfg = Debug|Any CPU
		{9B962272-2018-4C8C-9E62-528CDC8DB87E}.Debug|Any CPU.Build.0 = Debug|Any CPU
		{9B962272-2018-4C8C-9E62-528CDC8DB87E}.Debug|iPhone.ActiveCfg = Debug|Any CPU
		{9B962272-2018-4C8C-9E62-528CDC8DB87E}.Debug|iPhone.Build.0 = Debug|Any CPU
		{9B962272-2018-4C8C-9E62-528CDC8DB87E}.Debug|iPhoneSimulator.ActiveCfg = Debug|Any CPU
		{9B962272-2018-4C8C-9E62-528CDC8DB87E}.Debug|iPhoneSimulator.Build.0 = Debug|Any CPU
		{9B962272-2018-4C8C-9E62-528CDC8DB87E}.Release|Any CPU.ActiveCfg = Release|Any CPU
		{9B962272-2018-4C8C-9E62-528CDC8DB87E}.Release|Any CPU.Build.0 = Release|Any CPU
		{9B962272-2018-4C8C-9E62-528CDC8DB87E}.Release|iPhone.ActiveCfg = Release|Any CPU
		{9B962272-2018-4C8C-9E62-528CDC8DB87E}.Release|iPhone.Build.0 = Release|Any CPU
		{9B962272-2018-4C8C-9E62-528CDC8DB87E}.Release|iPhoneSimulator.ActiveCfg = Release|Any CPU
		{9B962272-2018-4C8C-9E62-528CDC8DB87E}.Release|iPhoneSimulator.Build.0 = Release|Any CPU
		{B94F520E-B150-45A7-ADA1-E2945BE9A743}.Debug|Any CPU.ActiveCfg = Debug|Any CPU
		{B94F520E-B150-45A7-ADA1-E2945BE9A743}.Debug|Any CPU.Build.0 = Debug|Any CPU
		{B94F520E-B150-45A7-ADA1-E2945BE9A743}.Debug|iPhone.ActiveCfg = Debug|Any CPU
		{B94F520E-B150-45A7-ADA1-E2945BE9A743}.Debug|iPhone.Build.0 = Debug|Any CPU
		{B94F520E-B150-45A7-ADA1-E2945BE9A743}.Debug|iPhoneSimulator.ActiveCfg = Debug|Any CPU
		{B94F520E-B150-45A7-ADA1-E2945BE9A743}.Debug|iPhoneSimulator.Build.0 = Debug|Any CPU
		{B94F520E-B150-45A7-ADA1-E2945BE9A743}.Release|Any CPU.ActiveCfg = Release|Any CPU
		{B94F520E-B150-45A7-ADA1-E2945BE9A743}.Release|Any CPU.Build.0 = Release|Any CPU
		{B94F520E-B150-45A7-ADA1-E2945BE9A743}.Release|iPhone.ActiveCfg = Release|Any CPU
		{B94F520E-B150-45A7-ADA1-E2945BE9A743}.Release|iPhone.Build.0 = Release|Any CPU
		{B94F520E-B150-45A7-ADA1-E2945BE9A743}.Release|iPhoneSimulator.ActiveCfg = Release|Any CPU
		{B94F520E-B150-45A7-ADA1-E2945BE9A743}.Release|iPhoneSimulator.Build.0 = Release|Any CPU
		{34AA5257-2F5B-4097-8250-1FD4956D1130}.Debug|Any CPU.ActiveCfg = Debug|Any CPU
		{34AA5257-2F5B-4097-8250-1FD4956D1130}.Debug|Any CPU.Build.0 = Debug|Any CPU
		{34AA5257-2F5B-4097-8250-1FD4956D1130}.Debug|iPhone.ActiveCfg = Debug|Any CPU
		{34AA5257-2F5B-4097-8250-1FD4956D1130}.Debug|iPhone.Build.0 = Debug|Any CPU
		{34AA5257-2F5B-4097-8250-1FD4956D1130}.Debug|iPhoneSimulator.ActiveCfg = Debug|Any CPU
		{34AA5257-2F5B-4097-8250-1FD4956D1130}.Debug|iPhoneSimulator.Build.0 = Debug|Any CPU
		{34AA5257-2F5B-4097-8250-1FD4956D1130}.Release|Any CPU.ActiveCfg = Release|Any CPU
		{34AA5257-2F5B-4097-8250-1FD4956D1130}.Release|Any CPU.Build.0 = Release|Any CPU
		{34AA5257-2F5B-4097-8250-1FD4956D1130}.Release|iPhone.ActiveCfg = Release|Any CPU
		{34AA5257-2F5B-4097-8250-1FD4956D1130}.Release|iPhone.Build.0 = Release|Any CPU
		{34AA5257-2F5B-4097-8250-1FD4956D1130}.Release|iPhoneSimulator.ActiveCfg = Release|Any CPU
		{34AA5257-2F5B-4097-8250-1FD4956D1130}.Release|iPhoneSimulator.Build.0 = Release|Any CPU
		{6DE9A674-F72C-4BDA-9120-E8EB97E7D5ED}.Debug|Any CPU.ActiveCfg = Debug|Any CPU
		{6DE9A674-F72C-4BDA-9120-E8EB97E7D5ED}.Debug|Any CPU.Build.0 = Debug|Any CPU
		{6DE9A674-F72C-4BDA-9120-E8EB97E7D5ED}.Debug|iPhone.ActiveCfg = Debug|Any CPU
		{6DE9A674-F72C-4BDA-9120-E8EB97E7D5ED}.Debug|iPhone.Build.0 = Debug|Any CPU
		{6DE9A674-F72C-4BDA-9120-E8EB97E7D5ED}.Debug|iPhoneSimulator.ActiveCfg = Debug|Any CPU
		{6DE9A674-F72C-4BDA-9120-E8EB97E7D5ED}.Debug|iPhoneSimulator.Build.0 = Debug|Any CPU
		{6DE9A674-F72C-4BDA-9120-E8EB97E7D5ED}.Release|Any CPU.ActiveCfg = Release|Any CPU
		{6DE9A674-F72C-4BDA-9120-E8EB97E7D5ED}.Release|Any CPU.Build.0 = Release|Any CPU
		{6DE9A674-F72C-4BDA-9120-E8EB97E7D5ED}.Release|iPhone.ActiveCfg = Release|Any CPU
		{6DE9A674-F72C-4BDA-9120-E8EB97E7D5ED}.Release|iPhone.Build.0 = Release|Any CPU
		{6DE9A674-F72C-4BDA-9120-E8EB97E7D5ED}.Release|iPhoneSimulator.ActiveCfg = Release|Any CPU
		{6DE9A674-F72C-4BDA-9120-E8EB97E7D5ED}.Release|iPhoneSimulator.Build.0 = Release|Any CPU
		{C18C5AB4-4C69-4EA0-AE74-FEFBBD945C05}.Debug|Any CPU.ActiveCfg = Debug|Any CPU
		{C18C5AB4-4C69-4EA0-AE74-FEFBBD945C05}.Debug|Any CPU.Build.0 = Debug|Any CPU
		{C18C5AB4-4C69-4EA0-AE74-FEFBBD945C05}.Debug|iPhone.ActiveCfg = Debug|Any CPU
		{C18C5AB4-4C69-4EA0-AE74-FEFBBD945C05}.Debug|iPhone.Build.0 = Debug|Any CPU
		{C18C5AB4-4C69-4EA0-AE74-FEFBBD945C05}.Debug|iPhoneSimulator.ActiveCfg = Debug|Any CPU
		{C18C5AB4-4C69-4EA0-AE74-FEFBBD945C05}.Debug|iPhoneSimulator.Build.0 = Debug|Any CPU
		{C18C5AB4-4C69-4EA0-AE74-FEFBBD945C05}.Release|Any CPU.ActiveCfg = Release|Any CPU
		{C18C5AB4-4C69-4EA0-AE74-FEFBBD945C05}.Release|Any CPU.Build.0 = Release|Any CPU
		{C18C5AB4-4C69-4EA0-AE74-FEFBBD945C05}.Release|iPhone.ActiveCfg = Release|Any CPU
		{C18C5AB4-4C69-4EA0-AE74-FEFBBD945C05}.Release|iPhone.Build.0 = Release|Any CPU
		{C18C5AB4-4C69-4EA0-AE74-FEFBBD945C05}.Release|iPhoneSimulator.ActiveCfg = Release|Any CPU
		{C18C5AB4-4C69-4EA0-AE74-FEFBBD945C05}.Release|iPhoneSimulator.Build.0 = Release|Any CPU
		{ED30B5EB-571D-4815-BE37-DDF7ED6198CC}.Debug|Any CPU.ActiveCfg = Debug|Any CPU
		{ED30B5EB-571D-4815-BE37-DDF7ED6198CC}.Debug|Any CPU.Build.0 = Debug|Any CPU
		{ED30B5EB-571D-4815-BE37-DDF7ED6198CC}.Debug|iPhone.ActiveCfg = Debug|Any CPU
		{ED30B5EB-571D-4815-BE37-DDF7ED6198CC}.Debug|iPhone.Build.0 = Debug|Any CPU
		{ED30B5EB-571D-4815-BE37-DDF7ED6198CC}.Debug|iPhoneSimulator.ActiveCfg = Debug|Any CPU
		{ED30B5EB-571D-4815-BE37-DDF7ED6198CC}.Debug|iPhoneSimulator.Build.0 = Debug|Any CPU
		{ED30B5EB-571D-4815-BE37-DDF7ED6198CC}.Release|Any CPU.ActiveCfg = Release|Any CPU
		{ED30B5EB-571D-4815-BE37-DDF7ED6198CC}.Release|Any CPU.Build.0 = Release|Any CPU
		{ED30B5EB-571D-4815-BE37-DDF7ED6198CC}.Release|iPhone.ActiveCfg = Release|Any CPU
		{ED30B5EB-571D-4815-BE37-DDF7ED6198CC}.Release|iPhone.Build.0 = Release|Any CPU
		{ED30B5EB-571D-4815-BE37-DDF7ED6198CC}.Release|iPhoneSimulator.ActiveCfg = Release|Any CPU
		{ED30B5EB-571D-4815-BE37-DDF7ED6198CC}.Release|iPhoneSimulator.Build.0 = Release|Any CPU
		{181E47F5-8BF0-4AEC-B452-0A88D5BFD28F}.Debug|Any CPU.ActiveCfg = Debug|Any CPU
		{181E47F5-8BF0-4AEC-B452-0A88D5BFD28F}.Debug|Any CPU.Build.0 = Debug|Any CPU
		{181E47F5-8BF0-4AEC-B452-0A88D5BFD28F}.Debug|iPhone.ActiveCfg = Debug|Any CPU
		{181E47F5-8BF0-4AEC-B452-0A88D5BFD28F}.Debug|iPhone.Build.0 = Debug|Any CPU
		{181E47F5-8BF0-4AEC-B452-0A88D5BFD28F}.Debug|iPhoneSimulator.ActiveCfg = Debug|Any CPU
		{181E47F5-8BF0-4AEC-B452-0A88D5BFD28F}.Debug|iPhoneSimulator.Build.0 = Debug|Any CPU
		{181E47F5-8BF0-4AEC-B452-0A88D5BFD28F}.Release|Any CPU.ActiveCfg = Release|Any CPU
		{181E47F5-8BF0-4AEC-B452-0A88D5BFD28F}.Release|Any CPU.Build.0 = Release|Any CPU
		{181E47F5-8BF0-4AEC-B452-0A88D5BFD28F}.Release|iPhone.ActiveCfg = Release|Any CPU
		{181E47F5-8BF0-4AEC-B452-0A88D5BFD28F}.Release|iPhone.Build.0 = Release|Any CPU
		{181E47F5-8BF0-4AEC-B452-0A88D5BFD28F}.Release|iPhoneSimulator.ActiveCfg = Release|Any CPU
		{181E47F5-8BF0-4AEC-B452-0A88D5BFD28F}.Release|iPhoneSimulator.Build.0 = Release|Any CPU
		{C41FC4BC-8B5A-4497-9765-FDEAD54749ED}.Debug|Any CPU.ActiveCfg = Debug|Any CPU
		{C41FC4BC-8B5A-4497-9765-FDEAD54749ED}.Debug|Any CPU.Build.0 = Debug|Any CPU
		{C41FC4BC-8B5A-4497-9765-FDEAD54749ED}.Debug|iPhone.ActiveCfg = Debug|Any CPU
		{C41FC4BC-8B5A-4497-9765-FDEAD54749ED}.Debug|iPhone.Build.0 = Debug|Any CPU
		{C41FC4BC-8B5A-4497-9765-FDEAD54749ED}.Debug|iPhoneSimulator.ActiveCfg = Debug|Any CPU
		{C41FC4BC-8B5A-4497-9765-FDEAD54749ED}.Debug|iPhoneSimulator.Build.0 = Debug|Any CPU
		{C41FC4BC-8B5A-4497-9765-FDEAD54749ED}.Release|Any CPU.ActiveCfg = Release|Any CPU
		{C41FC4BC-8B5A-4497-9765-FDEAD54749ED}.Release|Any CPU.Build.0 = Release|Any CPU
		{C41FC4BC-8B5A-4497-9765-FDEAD54749ED}.Release|iPhone.ActiveCfg = Release|Any CPU
		{C41FC4BC-8B5A-4497-9765-FDEAD54749ED}.Release|iPhone.Build.0 = Release|Any CPU
		{C41FC4BC-8B5A-4497-9765-FDEAD54749ED}.Release|iPhoneSimulator.ActiveCfg = Release|Any CPU
		{C41FC4BC-8B5A-4497-9765-FDEAD54749ED}.Release|iPhoneSimulator.Build.0 = Release|Any CPU
		{03FA0D75-22BB-40BC-A3EB-ABA52DD304B9}.Debug|Any CPU.ActiveCfg = Debug|Any CPU
		{03FA0D75-22BB-40BC-A3EB-ABA52DD304B9}.Debug|Any CPU.Build.0 = Debug|Any CPU
		{03FA0D75-22BB-40BC-A3EB-ABA52DD304B9}.Debug|iPhone.ActiveCfg = Debug|Any CPU
		{03FA0D75-22BB-40BC-A3EB-ABA52DD304B9}.Debug|iPhone.Build.0 = Debug|Any CPU
		{03FA0D75-22BB-40BC-A3EB-ABA52DD304B9}.Debug|iPhoneSimulator.ActiveCfg = Debug|Any CPU
		{03FA0D75-22BB-40BC-A3EB-ABA52DD304B9}.Debug|iPhoneSimulator.Build.0 = Debug|Any CPU
		{03FA0D75-22BB-40BC-A3EB-ABA52DD304B9}.Release|Any CPU.ActiveCfg = Release|Any CPU
		{03FA0D75-22BB-40BC-A3EB-ABA52DD304B9}.Release|Any CPU.Build.0 = Release|Any CPU
		{03FA0D75-22BB-40BC-A3EB-ABA52DD304B9}.Release|iPhone.ActiveCfg = Release|Any CPU
		{03FA0D75-22BB-40BC-A3EB-ABA52DD304B9}.Release|iPhone.Build.0 = Release|Any CPU
		{03FA0D75-22BB-40BC-A3EB-ABA52DD304B9}.Release|iPhoneSimulator.ActiveCfg = Release|Any CPU
		{03FA0D75-22BB-40BC-A3EB-ABA52DD304B9}.Release|iPhoneSimulator.Build.0 = Release|Any CPU
		{7B655BE8-40D7-482B-8B43-05C5DBAA027B}.Debug|Any CPU.ActiveCfg = Debug|Any CPU
		{7B655BE8-40D7-482B-8B43-05C5DBAA027B}.Debug|Any CPU.Build.0 = Debug|Any CPU
		{7B655BE8-40D7-482B-8B43-05C5DBAA027B}.Debug|iPhone.ActiveCfg = Debug|Any CPU
		{7B655BE8-40D7-482B-8B43-05C5DBAA027B}.Debug|iPhone.Build.0 = Debug|Any CPU
		{7B655BE8-40D7-482B-8B43-05C5DBAA027B}.Debug|iPhoneSimulator.ActiveCfg = Debug|Any CPU
		{7B655BE8-40D7-482B-8B43-05C5DBAA027B}.Debug|iPhoneSimulator.Build.0 = Debug|Any CPU
		{7B655BE8-40D7-482B-8B43-05C5DBAA027B}.Release|Any CPU.ActiveCfg = Release|Any CPU
		{7B655BE8-40D7-482B-8B43-05C5DBAA027B}.Release|Any CPU.Build.0 = Release|Any CPU
		{7B655BE8-40D7-482B-8B43-05C5DBAA027B}.Release|iPhone.ActiveCfg = Release|Any CPU
		{7B655BE8-40D7-482B-8B43-05C5DBAA027B}.Release|iPhone.Build.0 = Release|Any CPU
		{7B655BE8-40D7-482B-8B43-05C5DBAA027B}.Release|iPhoneSimulator.ActiveCfg = Release|Any CPU
		{7B655BE8-40D7-482B-8B43-05C5DBAA027B}.Release|iPhoneSimulator.Build.0 = Release|Any CPU
		{36E00779-B8EB-432A-B784-CDEB05E90D0B}.Debug|Any CPU.ActiveCfg = Debug|Any CPU
		{36E00779-B8EB-432A-B784-CDEB05E90D0B}.Debug|Any CPU.Build.0 = Debug|Any CPU
		{36E00779-B8EB-432A-B784-CDEB05E90D0B}.Debug|iPhone.ActiveCfg = Debug|Any CPU
		{36E00779-B8EB-432A-B784-CDEB05E90D0B}.Debug|iPhone.Build.0 = Debug|Any CPU
		{36E00779-B8EB-432A-B784-CDEB05E90D0B}.Debug|iPhoneSimulator.ActiveCfg = Debug|Any CPU
		{36E00779-B8EB-432A-B784-CDEB05E90D0B}.Debug|iPhoneSimulator.Build.0 = Debug|Any CPU
		{36E00779-B8EB-432A-B784-CDEB05E90D0B}.Release|Any CPU.ActiveCfg = Release|Any CPU
		{36E00779-B8EB-432A-B784-CDEB05E90D0B}.Release|Any CPU.Build.0 = Release|Any CPU
		{36E00779-B8EB-432A-B784-CDEB05E90D0B}.Release|iPhone.ActiveCfg = Release|Any CPU
		{36E00779-B8EB-432A-B784-CDEB05E90D0B}.Release|iPhone.Build.0 = Release|Any CPU
		{36E00779-B8EB-432A-B784-CDEB05E90D0B}.Release|iPhoneSimulator.ActiveCfg = Release|Any CPU
		{36E00779-B8EB-432A-B784-CDEB05E90D0B}.Release|iPhoneSimulator.Build.0 = Release|Any CPU
		{FD3F2622-9550-4BD7-8D63-5916151DF018}.Debug|Any CPU.ActiveCfg = Debug|Any CPU
		{FD3F2622-9550-4BD7-8D63-5916151DF018}.Debug|Any CPU.Build.0 = Debug|Any CPU
		{FD3F2622-9550-4BD7-8D63-5916151DF018}.Debug|iPhone.ActiveCfg = Debug|Any CPU
		{FD3F2622-9550-4BD7-8D63-5916151DF018}.Debug|iPhone.Build.0 = Debug|Any CPU
		{FD3F2622-9550-4BD7-8D63-5916151DF018}.Debug|iPhoneSimulator.ActiveCfg = Debug|Any CPU
		{FD3F2622-9550-4BD7-8D63-5916151DF018}.Debug|iPhoneSimulator.Build.0 = Debug|Any CPU
		{FD3F2622-9550-4BD7-8D63-5916151DF018}.Release|Any CPU.ActiveCfg = Release|Any CPU
		{FD3F2622-9550-4BD7-8D63-5916151DF018}.Release|Any CPU.Build.0 = Release|Any CPU
		{FD3F2622-9550-4BD7-8D63-5916151DF018}.Release|iPhone.ActiveCfg = Release|Any CPU
		{FD3F2622-9550-4BD7-8D63-5916151DF018}.Release|iPhone.Build.0 = Release|Any CPU
		{FD3F2622-9550-4BD7-8D63-5916151DF018}.Release|iPhoneSimulator.ActiveCfg = Release|Any CPU
		{FD3F2622-9550-4BD7-8D63-5916151DF018}.Release|iPhoneSimulator.Build.0 = Release|Any CPU
		{A446D691-8F20-40BD-98AC-B5FB2EFD5D04}.Debug|Any CPU.ActiveCfg = Debug|Any CPU
		{A446D691-8F20-40BD-98AC-B5FB2EFD5D04}.Debug|Any CPU.Build.0 = Debug|Any CPU
		{A446D691-8F20-40BD-98AC-B5FB2EFD5D04}.Debug|iPhone.ActiveCfg = Debug|Any CPU
		{A446D691-8F20-40BD-98AC-B5FB2EFD5D04}.Debug|iPhone.Build.0 = Debug|Any CPU
		{A446D691-8F20-40BD-98AC-B5FB2EFD5D04}.Debug|iPhoneSimulator.ActiveCfg = Debug|Any CPU
		{A446D691-8F20-40BD-98AC-B5FB2EFD5D04}.Debug|iPhoneSimulator.Build.0 = Debug|Any CPU
		{A446D691-8F20-40BD-98AC-B5FB2EFD5D04}.Release|Any CPU.ActiveCfg = Release|Any CPU
		{A446D691-8F20-40BD-98AC-B5FB2EFD5D04}.Release|Any CPU.Build.0 = Release|Any CPU
		{A446D691-8F20-40BD-98AC-B5FB2EFD5D04}.Release|iPhone.ActiveCfg = Release|Any CPU
		{A446D691-8F20-40BD-98AC-B5FB2EFD5D04}.Release|iPhone.Build.0 = Release|Any CPU
		{A446D691-8F20-40BD-98AC-B5FB2EFD5D04}.Release|iPhoneSimulator.ActiveCfg = Release|Any CPU
		{A446D691-8F20-40BD-98AC-B5FB2EFD5D04}.Release|iPhoneSimulator.Build.0 = Release|Any CPU
		{D916B23C-0D8F-4044-8C93-AF4DBAA7D3BE}.Debug|Any CPU.ActiveCfg = Debug|Any CPU
		{D916B23C-0D8F-4044-8C93-AF4DBAA7D3BE}.Debug|Any CPU.Build.0 = Debug|Any CPU
		{D916B23C-0D8F-4044-8C93-AF4DBAA7D3BE}.Debug|iPhone.ActiveCfg = Debug|Any CPU
		{D916B23C-0D8F-4044-8C93-AF4DBAA7D3BE}.Debug|iPhone.Build.0 = Debug|Any CPU
		{D916B23C-0D8F-4044-8C93-AF4DBAA7D3BE}.Debug|iPhoneSimulator.ActiveCfg = Debug|Any CPU
		{D916B23C-0D8F-4044-8C93-AF4DBAA7D3BE}.Debug|iPhoneSimulator.Build.0 = Debug|Any CPU
		{D916B23C-0D8F-4044-8C93-AF4DBAA7D3BE}.Release|Any CPU.ActiveCfg = Release|Any CPU
		{D916B23C-0D8F-4044-8C93-AF4DBAA7D3BE}.Release|Any CPU.Build.0 = Release|Any CPU
		{D916B23C-0D8F-4044-8C93-AF4DBAA7D3BE}.Release|iPhone.ActiveCfg = Release|Any CPU
		{D916B23C-0D8F-4044-8C93-AF4DBAA7D3BE}.Release|iPhone.Build.0 = Release|Any CPU
		{D916B23C-0D8F-4044-8C93-AF4DBAA7D3BE}.Release|iPhoneSimulator.ActiveCfg = Release|Any CPU
		{D916B23C-0D8F-4044-8C93-AF4DBAA7D3BE}.Release|iPhoneSimulator.Build.0 = Release|Any CPU
	EndGlobalSection
	GlobalSection(SolutionProperties) = preSolution
		HideSolutionNode = FALSE
	EndGlobalSection
	GlobalSection(NestedProjects) = preSolution
		{13CAB67A-5A00-401D-8CE2-032FFEA5FECE} = {CDAC4EAC-FDCE-4D71-B473-4EEDF7A20D0C}
		{4FC2B7B5-28CA-4322-84AB-49DDAD9613FC} = {CDAC4EAC-FDCE-4D71-B473-4EEDF7A20D0C}
		{0D3AAAE3-4AD2-452E-97CE-5DF1F1DA0A50} = {CDAC4EAC-FDCE-4D71-B473-4EEDF7A20D0C}
		{CDAC4EAC-FDCE-4D71-B473-4EEDF7A20D0C} = {F9C6B635-4726-4C88-90B5-D6CDF3185FBE}
		{B94F520E-B150-45A7-ADA1-E2945BE9A743} = {CDAC4EAC-FDCE-4D71-B473-4EEDF7A20D0C}
		{34AA5257-2F5B-4097-8250-1FD4956D1130} = {CDAC4EAC-FDCE-4D71-B473-4EEDF7A20D0C}
		{6DE9A674-F72C-4BDA-9120-E8EB97E7D5ED} = {CDAC4EAC-FDCE-4D71-B473-4EEDF7A20D0C}
		{C18C5AB4-4C69-4EA0-AE74-FEFBBD945C05} = {CDAC4EAC-FDCE-4D71-B473-4EEDF7A20D0C}
		{ED30B5EB-571D-4815-BE37-DDF7ED6198CC} = {CDAC4EAC-FDCE-4D71-B473-4EEDF7A20D0C}
		{66C3905B-FBAD-412B-B49A-FB42DCB08FA9} = {F9C6B635-4726-4C88-90B5-D6CDF3185FBE}
		{181E47F5-8BF0-4AEC-B452-0A88D5BFD28F} = {66C3905B-FBAD-412B-B49A-FB42DCB08FA9}
		{C41FC4BC-8B5A-4497-9765-FDEAD54749ED} = {66C3905B-FBAD-412B-B49A-FB42DCB08FA9}
		{03FA0D75-22BB-40BC-A3EB-ABA52DD304B9} = {66C3905B-FBAD-412B-B49A-FB42DCB08FA9}
		{7B655BE8-40D7-482B-8B43-05C5DBAA027B} = {66C3905B-FBAD-412B-B49A-FB42DCB08FA9}
		{36E00779-B8EB-432A-B784-CDEB05E90D0B} = {66C3905B-FBAD-412B-B49A-FB42DCB08FA9}
		{FD3F2622-9550-4BD7-8D63-5916151DF018} = {66C3905B-FBAD-412B-B49A-FB42DCB08FA9}
		{A446D691-8F20-40BD-98AC-B5FB2EFD5D04} = {CDAC4EAC-FDCE-4D71-B473-4EEDF7A20D0C}
		{CB7A9B1F-982A-4DCE-8C6D-4E9781ADEE51} = {3EB07B84-DC73-417F-82E6-0C9B7C07520B}
		{3811DFB5-545F-4FAD-B3DA-4C245AE85DAC} = {CB7A9B1F-982A-4DCE-8C6D-4E9781ADEE51}
		{D916B23C-0D8F-4044-8C93-AF4DBAA7D3BE} = {CB7A9B1F-982A-4DCE-8C6D-4E9781ADEE51}
	EndGlobalSection
EndGlobal
